<?xml version="1.0" encoding="utf-8"?>
<Project ToolsVersion="4.0" xmlns="http://schemas.microsoft.com/developer/msbuild/2003">
  <ItemGroup>
    <Filter Include="source">
      <UniqueIdentifier>{4FC737F1-C7A5-4376-A066-2A32D752A2FF}</UniqueIdentifier>
      <Extensions>cpp;c;cc;cxx;def;odl;idl;hpj;bat;asm;asmx</Extensions>
    </Filter>
    <Filter Include="resource">
      <UniqueIdentifier>{67DA6AB6-F800-4c08-8B7A-83BB121AAD01}</UniqueIdentifier>
      <Extensions>rc;ico;cur;bmp;dlg;rc2;rct;bin;rgs;gif;jpg;jpeg;jpe;resx;tiff;tif;png;wav;mfcribbon-ms</Extensions>
    </Filter>
    <Filter Include="imgui">
      <UniqueIdentifier>{eee01c34-c6c5-43ed-b1ca-df7c44b22856}</UniqueIdentifier>
    </Filter>
    <Filter Include="lua">
      <UniqueIdentifier>{74348574-78ee-4dad-8e6f-ff403c31a93e}</UniqueIdentifier>
    </Filter>
    <Filter Include="box2d">
      <UniqueIdentifier>{2685a46a-4b5e-40a2-9198-ac18692ddea4}</UniqueIdentifier>
    </Filter>
    <Filter Include="box2d\collision">
      <UniqueIdentifier>{c44f6266-bd5f-442c-8842-18e69c33cbcc}</UniqueIdentifier>
    </Filter>
    <Filter Include="box2d\collision\shapes">
      <UniqueIdentifier>{cd4f9c14-d00a-4251-b3bf-5b14443fc8f8}</UniqueIdentifier>
    </Filter>
    <Filter Include="box2d\common">
      <UniqueIdentifier>{03fc2af0-7d07-4925-bcdd-37c8b74a2242}</UniqueIdentifier>
    </Filter>
    <Filter Include="box2d\dynamics">
      <UniqueIdentifier>{e79c9012-b57a-4385-96af-03dee44c66bc}</UniqueIdentifier>
    </Filter>
    <Filter Include="box2d\dynamics\contacts">
      <UniqueIdentifier>{f3231437-4f10-4260-b001-49ed77103928}</UniqueIdentifier>
    </Filter>
    <Filter Include="box2d\dynamics\joints">
      <UniqueIdentifier>{8f550fa7-76c7-48e7-a802-e4325f748a5b}</UniqueIdentifier>
    </Filter>
    <Filter Include="box2d\rope">
      <UniqueIdentifier>{96979d65-b055-44e4-8fbe-d2f524d9f3af}</UniqueIdentifier>
    </Filter>
    <Filter Include="scripts">
      <UniqueIdentifier>{8961d2f6-19d9-4761-8645-1a965ca7dbe0}</UniqueIdentifier>
    </Filter>
    <Filter Include="headers">
      <UniqueIdentifier>{93995380-89BD-4b04-88EB-625FBE52EBFB}</UniqueIdentifier>
      <Extensions>h;hh;hpp;hxx;hm;inl;inc;ipp;xsd</Extensions>
    </Filter>
    <Filter Include="LuaBridge">
      <UniqueIdentifier>{9dfbd85c-8d1a-44ac-98f6-514ad558070c}</UniqueIdentifier>
    </Filter>
    <Filter Include="LuaBridge\detail">
      <UniqueIdentifier>{2fdf7703-0e97-4171-aa66-c0fa2224c9bc}</UniqueIdentifier>
    </Filter>
    <Filter Include="textures">
      <UniqueIdentifier>{5f502aa4-8034-491a-82ae-548ed6672ca6}</UniqueIdentifier>
    </Filter>
  </ItemGroup>
  <ItemGroup>
    <ClCompile Include="src\main.cpp">
      <Filter>source</Filter>
    </ClCompile>
    <ClCompile Include="imgui\imgui.cpp">
      <Filter>imgui</Filter>
    </ClCompile>
    <ClCompile Include="imgui\imgui_demo.cpp">
      <Filter>imgui</Filter>
    </ClCompile>
    <ClCompile Include="imgui\imgui_draw.cpp">
      <Filter>imgui</Filter>
    </ClCompile>
    <ClCompile Include="imgui\imgui_widgets.cpp">
      <Filter>imgui</Filter>
    </ClCompile>
    <ClCompile Include="imgui\imgui-SFML.cpp">
      <Filter>imgui</Filter>
    </ClCompile>
    <ClCompile Include="LUA\lapi.c">
      <Filter>lua</Filter>
    </ClCompile>
    <ClCompile Include="LUA\lauxlib.c">
      <Filter>lua</Filter>
    </ClCompile>
    <ClCompile Include="LUA\lbaselib.c">
      <Filter>lua</Filter>
    </ClCompile>
    <ClCompile Include="LUA\lbitlib.c">
      <Filter>lua</Filter>
    </ClCompile>
    <ClCompile Include="LUA\lcode.c">
      <Filter>lua</Filter>
    </ClCompile>
    <ClCompile Include="LUA\lcorolib.c">
      <Filter>lua</Filter>
    </ClCompile>
    <ClCompile Include="LUA\lctype.c">
      <Filter>lua</Filter>
    </ClCompile>
    <ClCompile Include="LUA\ldblib.c">
      <Filter>lua</Filter>
    </ClCompile>
    <ClCompile Include="LUA\ldebug.c">
      <Filter>lua</Filter>
    </ClCompile>
    <ClCompile Include="LUA\ldo.c">
      <Filter>lua</Filter>
    </ClCompile>
    <ClCompile Include="LUA\ldump.c">
      <Filter>lua</Filter>
    </ClCompile>
    <ClCompile Include="LUA\lfunc.c">
      <Filter>lua</Filter>
    </ClCompile>
    <ClCompile Include="LUA\lgc.c">
      <Filter>lua</Filter>
    </ClCompile>
    <ClCompile Include="LUA\linit.c">
      <Filter>lua</Filter>
    </ClCompile>
    <ClCompile Include="LUA\liolib.c">
      <Filter>lua</Filter>
    </ClCompile>
    <ClCompile Include="LUA\llex.c">
      <Filter>lua</Filter>
    </ClCompile>
    <ClCompile Include="LUA\lmathlib.c">
      <Filter>lua</Filter>
    </ClCompile>
    <ClCompile Include="LUA\lmem.c">
      <Filter>lua</Filter>
    </ClCompile>
    <ClCompile Include="LUA\loadlib.c">
      <Filter>lua</Filter>
    </ClCompile>
    <ClCompile Include="LUA\lobject.c">
      <Filter>lua</Filter>
    </ClCompile>
    <ClCompile Include="LUA\lopcodes.c">
      <Filter>lua</Filter>
    </ClCompile>
    <ClCompile Include="LUA\loslib.c">
      <Filter>lua</Filter>
    </ClCompile>
    <ClCompile Include="LUA\lparser.c">
      <Filter>lua</Filter>
    </ClCompile>
    <ClCompile Include="LUA\lstate.c">
      <Filter>lua</Filter>
    </ClCompile>
    <ClCompile Include="LUA\lstring.c">
      <Filter>lua</Filter>
    </ClCompile>
    <ClCompile Include="LUA\lstrlib.c">
      <Filter>lua</Filter>
    </ClCompile>
    <ClCompile Include="LUA\ltable.c">
      <Filter>lua</Filter>
    </ClCompile>
    <ClCompile Include="LUA\ltablib.c">
      <Filter>lua</Filter>
    </ClCompile>
    <ClCompile Include="LUA\ltm.c">
      <Filter>lua</Filter>
    </ClCompile>
    <ClCompile Include="LUA\lundump.c">
      <Filter>lua</Filter>
    </ClCompile>
    <ClCompile Include="LUA\lutf8lib.c">
      <Filter>lua</Filter>
    </ClCompile>
    <ClCompile Include="LUA\lvm.c">
      <Filter>lua</Filter>
    </ClCompile>
    <ClCompile Include="LUA\lzio.c">
      <Filter>lua</Filter>
    </ClCompile>
    <ClCompile Include="box2d\Collision\b2BroadPhase.cpp">
      <Filter>box2d\collision</Filter>
    </ClCompile>
    <ClCompile Include="box2d\Collision\b2CollideCircle.cpp">
      <Filter>box2d\collision</Filter>
    </ClCompile>
    <ClCompile Include="box2d\Collision\b2CollideEdge.cpp">
      <Filter>box2d\collision</Filter>
    </ClCompile>
    <ClCompile Include="box2d\Collision\b2CollidePolygon.cpp">
      <Filter>box2d\collision</Filter>
    </ClCompile>
    <ClCompile Include="box2d\Collision\b2Collision.cpp">
      <Filter>box2d\collision</Filter>
    </ClCompile>
    <ClCompile Include="box2d\Collision\b2Distance.cpp">
      <Filter>box2d\collision</Filter>
    </ClCompile>
    <ClCompile Include="box2d\Collision\b2DynamicTree.cpp">
      <Filter>box2d\collision</Filter>
    </ClCompile>
    <ClCompile Include="box2d\Collision\b2TimeOfImpact.cpp">
      <Filter>box2d\collision</Filter>
    </ClCompile>
    <ClCompile Include="box2d\Collision\Shapes\b2ChainShape.cpp">
      <Filter>box2d\collision\shapes</Filter>
    </ClCompile>
    <ClCompile Include="box2d\Collision\Shapes\b2CircleShape.cpp">
      <Filter>box2d\collision\shapes</Filter>
    </ClCompile>
    <ClCompile Include="box2d\Collision\Shapes\b2EdgeShape.cpp">
      <Filter>box2d\collision\shapes</Filter>
    </ClCompile>
    <ClCompile Include="box2d\Collision\Shapes\b2PolygonShape.cpp">
      <Filter>box2d\collision\shapes</Filter>
    </ClCompile>
    <ClCompile Include="box2d\Common\b2BlockAllocator.cpp">
      <Filter>box2d\common</Filter>
    </ClCompile>
    <ClCompile Include="box2d\Common\b2Draw.cpp">
      <Filter>box2d\common</Filter>
    </ClCompile>
    <ClCompile Include="box2d\Common\b2Math.cpp">
      <Filter>box2d\common</Filter>
    </ClCompile>
    <ClCompile Include="box2d\Common\b2Settings.cpp">
      <Filter>box2d\common</Filter>
    </ClCompile>
    <ClCompile Include="box2d\Common\b2StackAllocator.cpp">
      <Filter>box2d\common</Filter>
    </ClCompile>
    <ClCompile Include="box2d\Common\b2Timer.cpp">
      <Filter>box2d\common</Filter>
    </ClCompile>
    <ClCompile Include="box2d\Dynamics\b2Body.cpp">
      <Filter>box2d\dynamics</Filter>
    </ClCompile>
    <ClCompile Include="box2d\Dynamics\b2ContactManager.cpp">
      <Filter>box2d\dynamics</Filter>
    </ClCompile>
    <ClCompile Include="box2d\Dynamics\b2Fixture.cpp">
      <Filter>box2d\dynamics</Filter>
    </ClCompile>
    <ClCompile Include="box2d\Dynamics\b2Island.cpp">
      <Filter>box2d\dynamics</Filter>
    </ClCompile>
    <ClCompile Include="box2d\Dynamics\b2World.cpp">
      <Filter>box2d\dynamics</Filter>
    </ClCompile>
    <ClCompile Include="box2d\Dynamics\b2WorldCallbacks.cpp">
      <Filter>box2d\dynamics</Filter>
    </ClCompile>
    <ClCompile Include="box2d\Dynamics\Contacts\b2ChainAndCircleContact.cpp">
      <Filter>box2d\dynamics\contacts</Filter>
    </ClCompile>
    <ClCompile Include="box2d\Dynamics\Contacts\b2ChainAndPolygonContact.cpp">
      <Filter>box2d\dynamics\contacts</Filter>
    </ClCompile>
    <ClCompile Include="box2d\Dynamics\Contacts\b2CircleContact.cpp">
      <Filter>box2d\dynamics\contacts</Filter>
    </ClCompile>
    <ClCompile Include="box2d\Dynamics\Contacts\b2Contact.cpp">
      <Filter>box2d\dynamics\contacts</Filter>
    </ClCompile>
    <ClCompile Include="box2d\Dynamics\Contacts\b2ContactSolver.cpp">
      <Filter>box2d\dynamics\contacts</Filter>
    </ClCompile>
    <ClCompile Include="box2d\Dynamics\Contacts\b2EdgeAndCircleContact.cpp">
      <Filter>box2d\dynamics\contacts</Filter>
    </ClCompile>
    <ClCompile Include="box2d\Dynamics\Contacts\b2EdgeAndPolygonContact.cpp">
      <Filter>box2d\dynamics\contacts</Filter>
    </ClCompile>
    <ClCompile Include="box2d\Dynamics\Contacts\b2PolygonAndCircleContact.cpp">
      <Filter>box2d\dynamics\contacts</Filter>
    </ClCompile>
    <ClCompile Include="box2d\Dynamics\Contacts\b2PolygonContact.cpp">
      <Filter>box2d\dynamics\contacts</Filter>
    </ClCompile>
    <ClCompile Include="box2d\Dynamics\Joints\b2DistanceJoint.cpp">
      <Filter>box2d\dynamics\joints</Filter>
    </ClCompile>
    <ClCompile Include="box2d\Dynamics\Joints\b2FrictionJoint.cpp">
      <Filter>box2d\dynamics\joints</Filter>
    </ClCompile>
    <ClCompile Include="box2d\Dynamics\Joints\b2GearJoint.cpp">
      <Filter>box2d\dynamics\joints</Filter>
    </ClCompile>
    <ClCompile Include="box2d\Dynamics\Joints\b2Joint.cpp">
      <Filter>box2d\dynamics\joints</Filter>
    </ClCompile>
    <ClCompile Include="box2d\Dynamics\Joints\b2MotorJoint.cpp">
      <Filter>box2d\dynamics\joints</Filter>
    </ClCompile>
    <ClCompile Include="box2d\Dynamics\Joints\b2MouseJoint.cpp">
      <Filter>box2d\dynamics\joints</Filter>
    </ClCompile>
    <ClCompile Include="box2d\Dynamics\Joints\b2PrismaticJoint.cpp">
      <Filter>box2d\dynamics\joints</Filter>
    </ClCompile>
    <ClCompile Include="box2d\Dynamics\Joints\b2PulleyJoint.cpp">
      <Filter>box2d\dynamics\joints</Filter>
    </ClCompile>
    <ClCompile Include="box2d\Dynamics\Joints\b2RevoluteJoint.cpp">
      <Filter>box2d\dynamics\joints</Filter>
    </ClCompile>
    <ClCompile Include="box2d\Dynamics\Joints\b2RopeJoint.cpp">
      <Filter>box2d\dynamics\joints</Filter>
    </ClCompile>
    <ClCompile Include="box2d\Dynamics\Joints\b2WeldJoint.cpp">
      <Filter>box2d\dynamics\joints</Filter>
    </ClCompile>
    <ClCompile Include="box2d\Dynamics\Joints\b2WheelJoint.cpp">
      <Filter>box2d\dynamics\joints</Filter>
    </ClCompile>
    <ClCompile Include="box2d\Rope\b2Rope.cpp">
      <Filter>box2d\rope</Filter>
    </ClCompile>
    <ClCompile Include="src\Console.cpp">
      <Filter>source</Filter>
    </ClCompile>
    <ClCompile Include="src\LuaScript.cpp">
      <Filter>source</Filter>
    </ClCompile>
    <ClCompile Include="src\TextureManager.cpp">
      <Filter>source</Filter>
    </ClCompile>
    <ClCompile Include="src\Node.cpp">
      <Filter>source</Filter>
    </ClCompile>
    <ClCompile Include="src\Node2D.cpp">
      <Filter>source</Filter>
    </ClCompile>
    <ClCompile Include="src\Node3D.cpp">
      <Filter>source</Filter>
    </ClCompile>
    <ClCompile Include="src\Sprite.cpp">
      <Filter>source</Filter>
    </ClCompile>
    <ClCompile Include="src\Vector2.cpp">
      <Filter>source</Filter>
    </ClCompile>
    <ClCompile Include="src\Scene.cpp">
      <Filter>source</Filter>
    </ClCompile>
    <ClCompile Include="src\Physics.cpp">
      <Filter>source</Filter>
    </ClCompile>
    <ClCompile Include="src\Texture.cpp">
      <Filter>source</Filter>
    </ClCompile>
    <ClCompile Include="src\PhysicsBody.cpp">
      <Filter>source</Filter>
    </ClCompile>
    <ClCompile Include="src\DynamicBody.cpp">
      <Filter>source</Filter>
    </ClCompile>
    <ClCompile Include="src\StaticBody.cpp">
      <Filter>source</Filter>
    </ClCompile>
    <ClCompile Include="src\BodyShape.cpp">
      <Filter>source</Filter>
    </ClCompile>
    <ClCompile Include="src\KinematicBody.cpp">
      <Filter>source</Filter>
    </ClCompile>
    <ClCompile Include="src\BoxShape.cpp">
      <Filter>source</Filter>
    </ClCompile>
    <ClCompile Include="src\CircleShape.cpp">
      <Filter>source</Filter>
    </ClCompile>
    <ClCompile Include="src\PhysicsDebug.cpp">
      <Filter>source</Filter>
    </ClCompile>
    <ClCompile Include="src\Logger.cpp">
      <Filter>source</Filter>
    </ClCompile>
    <ClCompile Include="src\Object.cpp">
      <Filter>source</Filter>
    </ClCompile>
    <ClCompile Include="src\Engine.cpp">
      <Filter>source</Filter>
    </ClCompile>
    <ClCompile Include="src\Font.cpp">
      <Filter>source</Filter>
    </ClCompile>
    <ClCompile Include="src\Text.cpp">
      <Filter>source</Filter>
    </ClCompile>
  </ItemGroup>
  <ItemGroup>
    <ClInclude Include="imgui\imconfig.h">
      <Filter>imgui</Filter>
    </ClInclude>
    <ClInclude Include="imgui\imgui.h">
      <Filter>imgui</Filter>
    </ClInclude>
    <ClInclude Include="imgui\imgui_internal.h">
      <Filter>imgui</Filter>
    </ClInclude>
    <ClInclude Include="imgui\imgui-SFML.h">
      <Filter>imgui</Filter>
    </ClInclude>
    <ClInclude Include="box2d\Box2D.h">
      <Filter>box2d</Filter>
    </ClInclude>
    <ClInclude Include="box2d\Collision\b2BroadPhase.h">
      <Filter>box2d\collision</Filter>
    </ClInclude>
    <ClInclude Include="box2d\Collision\b2Collision.h">
      <Filter>box2d\collision</Filter>
    </ClInclude>
    <ClInclude Include="box2d\Collision\b2Distance.h">
      <Filter>box2d\collision</Filter>
    </ClInclude>
    <ClInclude Include="box2d\Collision\b2DynamicTree.h">
      <Filter>box2d\collision</Filter>
    </ClInclude>
    <ClInclude Include="box2d\Collision\b2TimeOfImpact.h">
      <Filter>box2d\collision</Filter>
    </ClInclude>
    <ClInclude Include="box2d\Collision\Shapes\b2ChainShape.h">
      <Filter>box2d\collision\shapes</Filter>
    </ClInclude>
    <ClInclude Include="box2d\Collision\Shapes\b2CircleShape.h">
      <Filter>box2d\collision\shapes</Filter>
    </ClInclude>
    <ClInclude Include="box2d\Collision\Shapes\b2EdgeShape.h">
      <Filter>box2d\collision\shapes</Filter>
    </ClInclude>
    <ClInclude Include="box2d\Collision\Shapes\b2PolygonShape.h">
      <Filter>box2d\collision\shapes</Filter>
    </ClInclude>
    <ClInclude Include="box2d\Collision\Shapes\b2Shape.h">
      <Filter>box2d\collision\shapes</Filter>
    </ClInclude>
    <ClInclude Include="box2d\Common\b2BlockAllocator.h">
      <Filter>box2d\common</Filter>
    </ClInclude>
    <ClInclude Include="box2d\Common\b2Draw.h">
      <Filter>box2d\common</Filter>
    </ClInclude>
    <ClInclude Include="box2d\Common\b2GrowableStack.h">
      <Filter>box2d\common</Filter>
    </ClInclude>
    <ClInclude Include="box2d\Common\b2Math.h">
      <Filter>box2d\common</Filter>
    </ClInclude>
    <ClInclude Include="box2d\Common\b2Settings.h">
      <Filter>box2d\common</Filter>
    </ClInclude>
    <ClInclude Include="box2d\Common\b2StackAllocator.h">
      <Filter>box2d\common</Filter>
    </ClInclude>
    <ClInclude Include="box2d\Common\b2Timer.h">
      <Filter>box2d\common</Filter>
    </ClInclude>
    <ClInclude Include="box2d\Dynamics\b2Body.h">
      <Filter>box2d\dynamics</Filter>
    </ClInclude>
    <ClInclude Include="box2d\Dynamics\b2ContactManager.h">
      <Filter>box2d\dynamics</Filter>
    </ClInclude>
    <ClInclude Include="box2d\Dynamics\b2Fixture.h">
      <Filter>box2d\dynamics</Filter>
    </ClInclude>
    <ClInclude Include="box2d\Dynamics\b2Island.h">
      <Filter>box2d\dynamics</Filter>
    </ClInclude>
    <ClInclude Include="box2d\Dynamics\b2TimeStep.h">
      <Filter>box2d\dynamics</Filter>
    </ClInclude>
    <ClInclude Include="box2d\Dynamics\b2World.h">
      <Filter>box2d\dynamics</Filter>
    </ClInclude>
    <ClInclude Include="box2d\Dynamics\b2WorldCallbacks.h">
      <Filter>box2d\dynamics</Filter>
    </ClInclude>
    <ClInclude Include="box2d\Dynamics\Contacts\b2ChainAndCircleContact.h">
      <Filter>box2d\dynamics\contacts</Filter>
    </ClInclude>
    <ClInclude Include="box2d\Dynamics\Contacts\b2ChainAndPolygonContact.h">
      <Filter>box2d\dynamics\contacts</Filter>
    </ClInclude>
    <ClInclude Include="box2d\Dynamics\Contacts\b2CircleContact.h">
      <Filter>box2d\dynamics\contacts</Filter>
    </ClInclude>
    <ClInclude Include="box2d\Dynamics\Contacts\b2Contact.h">
      <Filter>box2d\dynamics\contacts</Filter>
    </ClInclude>
    <ClInclude Include="box2d\Dynamics\Contacts\b2ContactSolver.h">
      <Filter>box2d\dynamics\contacts</Filter>
    </ClInclude>
    <ClInclude Include="box2d\Dynamics\Contacts\b2EdgeAndCircleContact.h">
      <Filter>box2d\dynamics\contacts</Filter>
    </ClInclude>
    <ClInclude Include="box2d\Dynamics\Contacts\b2EdgeAndPolygonContact.h">
      <Filter>box2d\dynamics\contacts</Filter>
    </ClInclude>
    <ClInclude Include="box2d\Dynamics\Contacts\b2PolygonAndCircleContact.h">
      <Filter>box2d\dynamics\contacts</Filter>
    </ClInclude>
    <ClInclude Include="box2d\Dynamics\Contacts\b2PolygonContact.h">
      <Filter>box2d\dynamics\contacts</Filter>
    </ClInclude>
    <ClInclude Include="box2d\Dynamics\Joints\b2DistanceJoint.h">
      <Filter>box2d\dynamics\joints</Filter>
    </ClInclude>
    <ClInclude Include="box2d\Dynamics\Joints\b2FrictionJoint.h">
      <Filter>box2d\dynamics\joints</Filter>
    </ClInclude>
    <ClInclude Include="box2d\Dynamics\Joints\b2GearJoint.h">
      <Filter>box2d\dynamics\joints</Filter>
    </ClInclude>
    <ClInclude Include="box2d\Dynamics\Joints\b2Joint.h">
      <Filter>box2d\dynamics\joints</Filter>
    </ClInclude>
    <ClInclude Include="box2d\Dynamics\Joints\b2MotorJoint.h">
      <Filter>box2d\dynamics\joints</Filter>
    </ClInclude>
    <ClInclude Include="box2d\Dynamics\Joints\b2MouseJoint.h">
      <Filter>box2d\dynamics\joints</Filter>
    </ClInclude>
    <ClInclude Include="box2d\Dynamics\Joints\b2PrismaticJoint.h">
      <Filter>box2d\dynamics\joints</Filter>
    </ClInclude>
    <ClInclude Include="box2d\Dynamics\Joints\b2PulleyJoint.h">
      <Filter>box2d\dynamics\joints</Filter>
    </ClInclude>
    <ClInclude Include="box2d\Dynamics\Joints\b2RevoluteJoint.h">
      <Filter>box2d\dynamics\joints</Filter>
    </ClInclude>
    <ClInclude Include="box2d\Dynamics\Joints\b2RopeJoint.h">
      <Filter>box2d\dynamics\joints</Filter>
    </ClInclude>
    <ClInclude Include="box2d\Dynamics\Joints\b2WeldJoint.h">
      <Filter>box2d\dynamics\joints</Filter>
    </ClInclude>
    <ClInclude Include="box2d\Dynamics\Joints\b2WheelJoint.h">
      <Filter>box2d\dynamics\joints</Filter>
    </ClInclude>
    <ClInclude Include="box2d\Rope\b2Rope.h">
      <Filter>box2d\rope</Filter>
    </ClInclude>
    <ClInclude Include="headers\Console.h">
      <Filter>headers</Filter>
    </ClInclude>
    <ClInclude Include="headers\LuaScript.h">
      <Filter>headers</Filter>
    </ClInclude>
    <ClInclude Include="headers\Priority.h">
      <Filter>headers</Filter>
    </ClInclude>
    <ClInclude Include="headers\TextureManager.h">
      <Filter>headers</Filter>
    </ClInclude>
    <ClInclude Include="headers\Node.h">
      <Filter>headers</Filter>
    </ClInclude>
    <ClInclude Include="headers\Node2D.h">
      <Filter>headers</Filter>
    </ClInclude>
    <ClInclude Include="headers\Node3D.h">
      <Filter>headers</Filter>
    </ClInclude>
    <ClInclude Include="headers\Sprite.h">
      <Filter>headers</Filter>
    </ClInclude>
    <ClInclude Include="headers\Vector2.h">
      <Filter>headers</Filter>
    </ClInclude>
    <ClInclude Include="LuaBridge\Source\LuaBridge\List.h">
      <Filter>LuaBridge</Filter>
    </ClInclude>
    <ClInclude Include="LuaBridge\Source\LuaBridge\LuaBridge.h">
      <Filter>LuaBridge</Filter>
    </ClInclude>
    <ClInclude Include="LuaBridge\Source\LuaBridge\Map.h">
      <Filter>LuaBridge</Filter>
    </ClInclude>
    <ClInclude Include="LuaBridge\Source\LuaBridge\RefCountedObject.h">
      <Filter>LuaBridge</Filter>
    </ClInclude>
    <ClInclude Include="LuaBridge\Source\LuaBridge\RefCountedPtr.h">
      <Filter>LuaBridge</Filter>
    </ClInclude>
    <ClInclude Include="LuaBridge\Source\LuaBridge\Vector.h">
      <Filter>LuaBridge</Filter>
    </ClInclude>
    <ClInclude Include="LuaBridge\Source\LuaBridge\detail\CFunctions.h">
      <Filter>LuaBridge\detail</Filter>
    </ClInclude>
    <ClInclude Include="LuaBridge\Source\LuaBridge\detail\ClassInfo.h">
      <Filter>LuaBridge\detail</Filter>
    </ClInclude>
    <ClInclude Include="LuaBridge\Source\LuaBridge\detail\Constructor.h">
      <Filter>LuaBridge\detail</Filter>
    </ClInclude>
    <ClInclude Include="LuaBridge\Source\LuaBridge\detail\dump.h">
      <Filter>LuaBridge\detail</Filter>
    </ClInclude>
    <ClInclude Include="LuaBridge\Source\LuaBridge\detail\FuncTraits.h">
      <Filter>LuaBridge\detail</Filter>
    </ClInclude>
    <ClInclude Include="LuaBridge\Source\LuaBridge\detail\Iterator.h">
      <Filter>LuaBridge\detail</Filter>
    </ClInclude>
    <ClInclude Include="LuaBridge\Source\LuaBridge\detail\LuaException.h">
      <Filter>LuaBridge\detail</Filter>
    </ClInclude>
    <ClInclude Include="LuaBridge\Source\LuaBridge\detail\LuaHelpers.h">
      <Filter>LuaBridge\detail</Filter>
    </ClInclude>
    <ClInclude Include="LuaBridge\Source\LuaBridge\detail\LuaRef.h">
      <Filter>LuaBridge\detail</Filter>
    </ClInclude>
    <ClInclude Include="LuaBridge\Source\LuaBridge\detail\Namespace.h">
      <Filter>LuaBridge\detail</Filter>
    </ClInclude>
    <ClInclude Include="LuaBridge\Source\LuaBridge\detail\Security.h">
      <Filter>LuaBridge\detail</Filter>
    </ClInclude>
    <ClInclude Include="LuaBridge\Source\LuaBridge\detail\Stack.h">
      <Filter>LuaBridge\detail</Filter>
    </ClInclude>
    <ClInclude Include="LuaBridge\Source\LuaBridge\detail\TypeList.h">
      <Filter>LuaBridge\detail</Filter>
    </ClInclude>
    <ClInclude Include="LuaBridge\Source\LuaBridge\detail\TypeTraits.h">
      <Filter>LuaBridge\detail</Filter>
    </ClInclude>
    <ClInclude Include="LuaBridge\Source\LuaBridge\detail\Userdata.h">
      <Filter>LuaBridge\detail</Filter>
    </ClInclude>
    <ClInclude Include="headers\Scene.h">
      <Filter>headers</Filter>
    </ClInclude>
    <ClInclude Include="headers\Physics.h">
      <Filter>headers</Filter>
    </ClInclude>
    <ClInclude Include="headers\Texture.h">
      <Filter>headers</Filter>
    </ClInclude>
    <ClInclude Include="headers\StaticBody.h">
      <Filter>headers</Filter>
    </ClInclude>
    <ClInclude Include="headers\PhysicsBody.h">
      <Filter>headers</Filter>
    </ClInclude>
    <ClInclude Include="headers\DynamicBody.h">
      <Filter>headers</Filter>
    </ClInclude>
    <ClInclude Include="headers\BodyShape.h">
      <Filter>headers</Filter>
    </ClInclude>
    <ClInclude Include="headers\KinematicBody.h">
      <Filter>headers</Filter>
    </ClInclude>
    <ClInclude Include="headers\BoxShape.h">
      <Filter>headers</Filter>
    </ClInclude>
    <ClInclude Include="headers\CircleShape.h">
      <Filter>headers</Filter>
    </ClInclude>
    <ClInclude Include="headers\PhysicsDebug.h">
      <Filter>headers</Filter>
    </ClInclude>
    <ClInclude Include="headers\Logger.h">
      <Filter>headers</Filter>
    </ClInclude>
    <ClInclude Include="headers\Engine.h">
      <Filter>headers</Filter>
    </ClInclude>
    <ClInclude Include="headers\Object.h">
      <Filter>headers</Filter>
    </ClInclude>
    <ClInclude Include="headers\Font.h">
      <Filter>headers</Filter>
    </ClInclude>
    <ClInclude Include="headers\Text.h">
      <Filter>headers</Filter>
    </ClInclude>
  </ItemGroup>
  <ItemGroup>
    <None Include="scripts\game.lua">
      <Filter>scripts</Filter>
    </None>
    <None Include="scripts\physics.lua">
      <Filter>scripts</Filter>
    </None>
    <None Include="scripts\test1.lua">
      <Filter>scripts</Filter>
    </None>
    <None Include="scripts\test2.lua">
      <Filter>scripts</Filter>
    </None>
  </ItemGroup>
  <ItemGroup>
    <Image Include="textures\ball.png">
      <Filter>textures</Filter>
    </Image>
    <Image Include="textures\bat.png">
      <Filter>textures</Filter>
    </Image>
    <Image Include="textures\blue.png">
      <Filter>textures</Filter>
    </Image>
    <Image Include="textures\blueBlock.png">
      <Filter>textures</Filter>
    </Image>
    <Image Include="textures\crate.png">
      <Filter>textures</Filter>
    </Image>
    <Image Include="textures\green.png">
      <Filter>textures</Filter>
    </Image>
    <Image Include="textures\greenBlock.png">
      <Filter>textures</Filter>
    </Image>
    <Image Include="textures\ken.png">
      <Filter>textures</Filter>
    </Image>
    <Image Include="textures\red.png">
      <Filter>textures</Filter>
    </Image>
    <Image Include="textures\redBlock.png">
      <Filter>textures</Filter>
    </Image>
    <Image Include="textures\yellow.png">
      <Filter>textures</Filter>
    </Image>
    <Image Include="textures\yellowBlock.png">
      <Filter>textures</Filter>
    </Image>
    <Image Include="textures\floor.png">
      <Filter>textures</Filter>
    </Image>
  </ItemGroup>
</Project>